
Microsoft Visual Studio Solution File, Format Version 12.00
# Visual Studio Version 17
VisualStudioVersion = 17.8.34330.188
MinimumVisualStudioVersion = 10.0.40219.1
Project("{FAE04EC0-301F-11D3-BF4B-00C04F79EFBC}") = "CaidaDato", "CaidaDato.csproj", "{5D159D8E-FDA5-4232-BBAF-D3FFDAAC3519}"
EndProject
Global
	GlobalSection(SolutionConfigurationPlatforms) = preSolution
		Debug|Any CPU = Debug|Any CPU
		Release|Any CPU = Release|Any CPU
	EndGlobalSection
	GlobalSection(ProjectConfigurationPlatforms) = postSolution
		{5D159D8E-FDA5-4232-BBAF-D3FFDAAC3519}.Debug|Any CPU.ActiveCfg = Debug|Any CPU
		{5D159D8E-FDA5-4232-BBAF-D3FFDAAC3519}.Debug|Any CPU.Build.0 = Debug|Any CPU
		{5D159D8E-FDA5-4232-BBAF-D3FFDAAC3519}.Release|Any CPU.ActiveCfg = Release|Any CPU
		{5D159D8E-FDA5-4232-BBAF-D3FFDAAC3519}.Release|Any CPU.Build.0 = Release|Any CPU
	EndGlobalSection
	GlobalSection(SolutionProperties) = preSolution
		HideSolutionNode = FALSE
	EndGlobalSection
	GlobalSection(ExtensibilityGlobals) = postSolution
		SolutionGuid = {7A53B139-363F-4B40-ACEF-2FFE3DB39F81}
	EndGlobalSection
EndGlobal
